<?xml version="1.0" encoding="UTF-8"?>
<CONFIG>
  <ProjectOptions>
    <Version Value="9"/>
    <PathDelim Value="\"/>
    <General>
      <MainUnit Value="0"/>
      <UseXPManifest Value="True"/>
      <Icon Value="0"/>
    </General>
    <VersionInfo>
      <Language Value=""/>
      <CharSet Value=""/>
      <StringTable ProductVersion=""/>
    </VersionInfo>
    <BuildModes Count="1">
      <Item1 Name="default" Default="True"/>
    </BuildModes>
    <PublishOptions>
      <Version Value="2"/>
      <IgnoreBinaries Value="False"/>
      <IncludeFileFilter Value="*.(pas|pp|inc|lfm|lpr|lrs|lpi|lpk|sh|xml)"/>
      <ExcludeFileFilter Value="*.(bak|ppu|ppw|o|so);*~;backup"/>
    </PublishOptions>
    <RunParams>
      <local>
        <FormatVersion Value="1"/>
        <LaunchingApplication PathPlusParams="/usr/X11R6/bin/xterm -T 'Lazarus Run Output' -e $(LazarusDir)/tools/runwait.sh $(TargetCmdLine)"/>
      </local>
    </RunParams>
    <RequiredPackages Count="1">
      <Item1>
        <PackageName Value="LCL"/>
      </Item1>
    </RequiredPackages>
    <Units Count="6">
      <Unit0>
        <Filename Value="PacMan.lpr"/>
        <IsPartOfProject Value="True"/>
        <SyntaxHighlighter Value="Delphi"/>
        <UsageCount Value="40"/>
      </Unit0>
      <Unit1>
        <Filename Value="fPacMan.pas"/>
        <IsPartOfProject Value="True"/>
        <ComponentName Value="frmPacman"/>
        <HasResources Value="True"/>
        <ResourceBaseClass Value="Form"/>
        <IsVisibleTab Value="True"/>
        <TopLine Value="651"/>
        <CursorPos Y="675"/>
        <UsageCount Value="40"/>
        <Loaded Value="True"/>
        <LoadedDesigner Value="True"/>
        <DefaultSyntaxHighlighter Value="Delphi"/>
      </Unit1>
      <Unit2>
        <Filename Value="sprites.pas"/>
        <ComponentName Value="Form1"/>
        <HasResources Value="True"/>
        <ResourceBaseClass Value="Form"/>
        <EditorIndex Value="-1"/>
        <CursorPos X="119" Y="16"/>
        <UsageCount Value="21"/>
        <DefaultSyntaxHighlighter Value="Delphi"/>
      </Unit2>
      <Unit3>
        <Filename Value="C:\lazarus\lcl\include\picture.inc"/>
        <EditorIndex Value="-1"/>
        <TopLine Value="823"/>
        <CursorPos X="74" Y="831"/>
        <UsageCount Value="10"/>
      </Unit3>
      <Unit4>
        <Filename Value="C:\lazarus\lcl\include\control.inc"/>
        <EditorIndex Value="-1"/>
        <TopLine Value="3937"/>
        <CursorPos Y="3959"/>
        <UsageCount Value="10"/>
      </Unit4>
      <Unit5>
        <Filename Value="C:\lazarus\lcl\graphics.pp"/>
        <UnitName Value="Graphics"/>
        <EditorIndex Value="-1"/>
        <TopLine Value="942"/>
        <CursorPos X="15" Y="966"/>
        <UsageCount Value="10"/>
      </Unit5>
    </Units>
    <JumpHistory Count="30" HistoryIndex="29">
      <Position1>
        <Filename Value="fPacMan.pas"/>
        <Caret Line="662" Column="21" TopLine="649"/>
      </Position1>
      <Position2>
        <Filename Value="fPacMan.pas"/>
        <Caret Line="665" Column="35" TopLine="649"/>
      </Position2>
      <Position3>
        <Filename Value="fPacMan.pas"/>
        <Caret Line="667" Column="32" TopLine="649"/>
      </Position3>
      <Position4>
        <Filename Value="fPacMan.pas"/>
        <Caret Line="670" Column="29" TopLine="649"/>
      </Position4>
      <Position5>
        <Filename Value="fPacMan.pas"/>
        <Caret Line="675" Column="46" TopLine="649"/>
      </Position5>
      <Position6>
        <Filename Value="fPacMan.pas"/>
        <Caret Line="678" Column="56" TopLine="662"/>
      </Position6>
      <Position7>
        <Filename Value="fPacMan.pas"/>
        <Caret Line="679" Column="56" TopLine="662"/>
      </Position7>
      <Position8>
        <Filename Value="fPacMan.pas"/>
        <Caret Line="681" Column="28" TopLine="662"/>
      </Position8>
      <Position9>
        <Filename Value="fPacMan.pas"/>
        <Caret Line="682" Column="28" TopLine="662"/>
      </Position9>
      <Position10>
        <Filename Value="fPacMan.pas"/>
        <Caret Line="699" Column="39" TopLine="682"/>
      </Position10>
      <Position11>
        <Filename Value="fPacMan.pas"/>
        <Caret Line="103" Column="15" TopLine="95"/>
      </Position11>
      <Position12>
        <Filename Value="fPacMan.pas"/>
        <Caret Line="118" Column="29" TopLine="95"/>
      </Position12>
      <Position13>
        <Filename Value="fPacMan.pas"/>
        <Caret Line="744" Column="11" TopLine="730"/>
      </Position13>
      <Position14>
        <Filename Value="fPacMan.pas"/>
        <Caret Line="137" Column="28" TopLine="115"/>
      </Position14>
      <Position15>
        <Filename Value="fPacMan.pas"/>
        <Caret Line="184" Column="15" TopLine="147"/>
      </Position15>
      <Position16>
        <Filename Value="fPacMan.pas"/>
        <Caret Line="404" Column="28" TopLine="369"/>
      </Position16>
      <Position17>
        <Filename Value="fPacMan.pas"/>
        <Caret Line="672" TopLine="651"/>
      </Position17>
      <Position18>
        <Filename Value="fPacMan.pas"/>
        <Caret Line="530" TopLine="552"/>
      </Position18>
      <Position19>
        <Filename Value="fPacMan.pas"/>
        <Caret Line="730" Column="35" TopLine="718"/>
      </Position19>
      <Position20>
        <Filename Value="fPacMan.pas"/>
        <Caret Line="735" Column="50" TopLine="718"/>
      </Position20>
      <Position21>
        <Filename Value="fPacMan.pas"/>
        <Caret Line="738" Column="51" TopLine="718"/>
      </Position21>
      <Position22>
        <Filename Value="fPacMan.pas"/>
        <Caret Line="756" Column="16" TopLine="719"/>
      </Position22>
      <Position23>
        <Filename Value="fPacMan.pas"/>
        <Caret Line="137" Column="28" TopLine="117"/>
      </Position23>
      <Position24>
        <Filename Value="fPacMan.pas"/>
        <Caret Line="184" Column="15" TopLine="147"/>
      </Position24>
      <Position25>
        <Filename Value="fPacMan.pas"/>
        <Caret Line="406" Column="50" TopLine="369"/>
      </Position25>
      <Position26>
        <Filename Value="fPacMan.pas"/>
        <Caret Line="730" Column="35" TopLine="713"/>
      </Position26>
      <Position27>
        <Filename Value="fPacMan.pas"/>
        <Caret Line="735" Column="50" TopLine="713"/>
      </Position27>
      <Position28>
        <Filename Value="fPacMan.pas"/>
        <Caret Line="738" Column="51" TopLine="713"/>
      </Position28>
      <Position29>
        <Filename Value="fPacMan.pas"/>
        <Caret Line="404" Column="35" TopLine="389"/>
      </Position29>
      <Position30>
        <Filename Value="fPacMan.pas"/>
        <Caret Line="340" Column="52" TopLine="317"/>
      </Position30>
    </JumpHistory>
  </ProjectOptions>
  <CompilerOptions>
    <Version Value="11"/>
    <PathDelim Value="\"/>
    <Parsing>
      <SyntaxOptions>
        <SyntaxMode Value="Delphi"/>
      </SyntaxOptions>
    </Parsing>
  </CompilerOptions>
  <Debugging>
    <Exceptions Count="3">
      <Item1>
        <Name Value="EAbort"/>
      </Item1>
      <Item2>
        <Name Value="ECodetoolError"/>
      </Item2>
      <Item3>
        <Name Value="EFOpenError"/>
      </Item3>
    </Exceptions>
  </Debugging>
</CONFIG>
