<?xml version="1.0" encoding="UTF-8"?>
<CONFIG>
  <ProjectOptions>
    <Version Value="9"/>
    <PathDelim Value="\"/>
    <General>
      <MainUnit Value="0"/>
      <UseXPManifest Value="True"/>
      <Icon Value="0"/>
    </General>
    <VersionInfo>
      <Language Value=""/>
      <CharSet Value=""/>
      <StringTable ProductVersion=""/>
    </VersionInfo>
    <BuildModes Count="1">
      <Item1 Name="default" Default="True"/>
    </BuildModes>
    <PublishOptions>
      <Version Value="2"/>
      <IgnoreBinaries Value="False"/>
      <IncludeFileFilter Value="*.(pas|pp|inc|lfm|lpr|lrs|lpi|lpk|sh|xml)"/>
      <ExcludeFileFilter Value="*.(bak|ppu|ppw|o|so);*~;backup"/>
    </PublishOptions>
    <RunParams>
      <local>
        <FormatVersion Value="1"/>
        <LaunchingApplication PathPlusParams="/usr/X11R6/bin/xterm -T 'Lazarus Run Output' -e $(LazarusDir)/tools/runwait.sh $(TargetCmdLine)"/>
      </local>
    </RunParams>
    <RequiredPackages Count="1">
      <Item1>
        <PackageName Value="LCL"/>
      </Item1>
    </RequiredPackages>
    <Units Count="6">
      <Unit0>
        <Filename Value="PacMan.lpr"/>
        <IsPartOfProject Value="True"/>
        <SyntaxHighlighter Value="Delphi"/>
        <UsageCount Value="42"/>
      </Unit0>
      <Unit1>
        <Filename Value="fPacMan.pas"/>
        <IsPartOfProject Value="True"/>
        <ComponentName Value="frmPacman"/>
        <HasResources Value="True"/>
        <ResourceBaseClass Value="Form"/>
        <IsVisibleTab Value="True"/>
        <TopLine Value="728"/>
        <CursorPos X="70" Y="749"/>
        <UsageCount Value="42"/>
        <Loaded Value="True"/>
        <LoadedDesigner Value="True"/>
        <DefaultSyntaxHighlighter Value="Delphi"/>
      </Unit1>
      <Unit2>
        <Filename Value="sprites.pas"/>
        <ComponentName Value="Form1"/>
        <HasResources Value="True"/>
        <ResourceBaseClass Value="Form"/>
        <EditorIndex Value="-1"/>
        <CursorPos X="119" Y="16"/>
        <UsageCount Value="21"/>
        <DefaultSyntaxHighlighter Value="Delphi"/>
      </Unit2>
      <Unit3>
        <Filename Value="C:\lazarus\lcl\include\picture.inc"/>
        <EditorIndex Value="-1"/>
        <TopLine Value="823"/>
        <CursorPos X="74" Y="831"/>
        <UsageCount Value="10"/>
      </Unit3>
      <Unit4>
        <Filename Value="C:\lazarus\lcl\include\control.inc"/>
        <EditorIndex Value="-1"/>
        <TopLine Value="3937"/>
        <CursorPos Y="3959"/>
        <UsageCount Value="10"/>
      </Unit4>
      <Unit5>
        <Filename Value="C:\lazarus\lcl\graphics.pp"/>
        <UnitName Value="Graphics"/>
        <EditorIndex Value="-1"/>
        <TopLine Value="942"/>
        <CursorPos X="15" Y="966"/>
        <UsageCount Value="10"/>
      </Unit5>
    </Units>
    <JumpHistory Count="30" HistoryIndex="29">
      <Position1>
        <Filename Value="fPacMan.pas"/>
        <Caret Line="90" Column="21" TopLine="65"/>
      </Position1>
      <Position2>
        <Filename Value="fPacMan.pas"/>
        <Caret Line="121" Column="29" TopLine="85"/>
      </Position2>
      <Position3>
        <Filename Value="fPacMan.pas"/>
        <Caret Line="90" Column="11" TopLine="80"/>
      </Position3>
      <Position4>
        <Filename Value="fPacMan.pas"/>
        <Caret Line="121" Column="37" TopLine="85"/>
      </Position4>
      <Position5>
        <Filename Value="fPacMan.pas"/>
        <Caret Line="478" Column="22" TopLine="441"/>
      </Position5>
      <Position6>
        <Filename Value="fPacMan.pas"/>
        <Caret Line="673" Column="61" TopLine="636"/>
      </Position6>
      <Position7>
        <Filename Value="fPacMan.pas"/>
        <Caret Column="37"/>
      </Position7>
      <Position8>
        <Filename Value="fPacMan.pas"/>
        <Caret Line="90" Column="10" TopLine="54"/>
      </Position8>
      <Position9>
        <Filename Value="fPacMan.pas"/>
        <Caret Line="188" Column="16" TopLine="173"/>
      </Position9>
      <Position10>
        <Filename Value="fPacMan.pas"/>
        <Caret Line="620" Column="27" TopLine="593"/>
      </Position10>
      <Position11>
        <Filename Value="fPacMan.pas"/>
        <Caret Line="723" Column="40" TopLine="707"/>
      </Position11>
      <Position12>
        <Filename Value="fPacMan.pas"/>
        <Caret Line="740" Column="52" TopLine="704"/>
      </Position12>
      <Position13>
        <Filename Value="fPacMan.pas"/>
        <Caret Line="733" TopLine="709"/>
      </Position13>
      <Position14>
        <Filename Value="fPacMan.pas"/>
        <Caret Line="734" TopLine="709"/>
      </Position14>
      <Position15>
        <Filename Value="fPacMan.pas"/>
        <Caret Line="743" TopLine="709"/>
      </Position15>
      <Position16>
        <Filename Value="fPacMan.pas"/>
        <Caret Line="733" TopLine="709"/>
      </Position16>
      <Position17>
        <Filename Value="fPacMan.pas"/>
        <Caret Line="734" TopLine="709"/>
      </Position17>
      <Position18>
        <Filename Value="fPacMan.pas"/>
        <Caret Line="743" TopLine="709"/>
      </Position18>
      <Position19>
        <Filename Value="fPacMan.pas"/>
        <Caret Line="397" Column="18" TopLine="379"/>
      </Position19>
      <Position20>
        <Filename Value="fPacMan.pas"/>
        <Caret Line="90" Column="10" TopLine="69"/>
      </Position20>
      <Position21>
        <Filename Value="fPacMan.pas"/>
        <Caret Line="422" Column="16" TopLine="412"/>
      </Position21>
      <Position22>
        <Filename Value="fPacMan.pas"/>
        <Caret Line="499" Column="31" TopLine="462"/>
      </Position22>
      <Position23>
        <Filename Value="fPacMan.pas"/>
        <Caret Line="724" Column="9" TopLine="687"/>
      </Position23>
      <Position24>
        <Filename Value="fPacMan.pas"/>
        <Caret Line="734" Column="11" TopLine="720"/>
      </Position24>
      <Position25>
        <Filename Value="fPacMan.pas"/>
        <Caret Line="723" TopLine="712"/>
      </Position25>
      <Position26>
        <Filename Value="fPacMan.pas"/>
        <Caret Line="752" Column="63" TopLine="731"/>
      </Position26>
      <Position27>
        <Filename Value="fPacMan.pas"/>
        <Caret Line="751" Column="63" TopLine="730"/>
      </Position27>
      <Position28>
        <Filename Value="fPacMan.pas"/>
        <Caret Line="750" Column="63" TopLine="729"/>
      </Position28>
      <Position29>
        <Filename Value="fPacMan.pas"/>
        <Caret Line="749" Column="63" TopLine="728"/>
      </Position29>
      <Position30>
        <Filename Value="fPacMan.pas"/>
        <Caret Line="748" Column="63" TopLine="727"/>
      </Position30>
    </JumpHistory>
  </ProjectOptions>
  <CompilerOptions>
    <Version Value="11"/>
    <PathDelim Value="\"/>
    <Parsing>
      <SyntaxOptions>
        <SyntaxMode Value="Delphi"/>
      </SyntaxOptions>
    </Parsing>
  </CompilerOptions>
  <Debugging>
    <Exceptions Count="3">
      <Item1>
        <Name Value="EAbort"/>
      </Item1>
      <Item2>
        <Name Value="ECodetoolError"/>
      </Item2>
      <Item3>
        <Name Value="EFOpenError"/>
      </Item3>
    </Exceptions>
  </Debugging>
</CONFIG>
